{
  "pins" : [
    {
      "identity" : "sfsymbolsmacro",
      "kind" : "remoteSourceControl",
      "location" : "https://github.com/lukepistrol/SFSymbolsMacro.git",
      "state" : {
        "revision" : "ad2183d29dc928f7f9cd5dc6efcc4546efc7857b",
        "version" : "0.5.1"
      }
    },
    {
      "identity" : "swift-syntax",
      "kind" : "remoteSourceControl",
      "location" : "https://github.com/apple/swift-syntax.git",
      "state" : {
        "revision" : "6ad4ea24b01559dde0773e3d091f1b9e36175036",
        "version" : "509.0.2"
      }
    }
  ],
  "version" : 2
}
